
Microsoft Visual Studio Solution File, Format Version 12.00
# Visual Studio Version 17
VisualStudioVersion = 17.14.36811.4 d17.14
MinimumVisualStudioVersion = 10.0.40219.1
Project("{FAE04EC0-301F-11D3-BF4B-00C04F79EFBC}") = "WebApi", "WebApi\WebApi.csproj", "{4D7B548A-3604-470F-8392-DDDC0631953E}"
EndProject
Project("{FAE04EC0-301F-11D3-BF4B-00C04F79EFBC}") = "Persistence", "Persistence\Persistence.csproj", "{53AC37DC-AE65-4354-A6BB-CF61721EC7D9}"
EndProject
Project("{FAE04EC0-301F-11D3-BF4B-00C04F79EFBC}") = "Domain", "Domain\Domain.csproj", "{5F775153-8EC8-4A9E-9822-2E1D7D057373}"
EndProject
Project("{FAE04EC0-301F-11D3-BF4B-00C04F79EFBC}") = "Application", "Application\Application.csproj", "{581816AC-E3E8-4617-B089-4A6C204AC68D}"
EndProject
Project("{FAE04EC0-301F-11D3-BF4B-00C04F79EFBC}") = "Infrastructure", "Infrastructure\Infrastructure.csproj", "{7439E0F2-5D80-4E99-8C0A-69C402AF156D}"
EndProject
Global
	GlobalSection(SolutionConfigurationPlatforms) = preSolution
		Debug|Any CPU = Debug|Any CPU
		Release|Any CPU = Release|Any CPU
	EndGlobalSection
	GlobalSection(ProjectConfigurationPlatforms) = postSolution
		{4D7B548A-3604-470F-8392-DDDC0631953E}.Debug|Any CPU.ActiveCfg = Debug|Any CPU
		{4D7B548A-3604-470F-8392-DDDC0631953E}.Debug|Any CPU.Build.0 = Debug|Any CPU
		{4D7B548A-3604-470F-8392-DDDC0631953E}.Release|Any CPU.ActiveCfg = Release|Any CPU
		{4D7B548A-3604-470F-8392-DDDC0631953E}.Release|Any CPU.Build.0 = Release|Any CPU
		{53AC37DC-AE65-4354-A6BB-CF61721EC7D9}.Debug|Any CPU.ActiveCfg = Debug|Any CPU
		{53AC37DC-AE65-4354-A6BB-CF61721EC7D9}.Debug|Any CPU.Build.0 = Debug|Any CPU
		{53AC37DC-AE65-4354-A6BB-CF61721EC7D9}.Release|Any CPU.ActiveCfg = Release|Any CPU
		{53AC37DC-AE65-4354-A6BB-CF61721EC7D9}.Release|Any CPU.Build.0 = Release|Any CPU
		{5F775153-8EC8-4A9E-9822-2E1D7D057373}.Debug|Any CPU.ActiveCfg = Debug|Any CPU
		{5F775153-8EC8-4A9E-9822-2E1D7D057373}.Debug|Any CPU.Build.0 = Debug|Any CPU
		{5F775153-8EC8-4A9E-9822-2E1D7D057373}.Release|Any CPU.ActiveCfg = Release|Any CPU
		{5F775153-8EC8-4A9E-9822-2E1D7D057373}.Release|Any CPU.Build.0 = Release|Any CPU
		{581816AC-E3E8-4617-B089-4A6C204AC68D}.Debug|Any CPU.ActiveCfg = Debug|Any CPU
		{581816AC-E3E8-4617-B089-4A6C204AC68D}.Debug|Any CPU.Build.0 = Debug|Any CPU
		{581816AC-E3E8-4617-B089-4A6C204AC68D}.Release|Any CPU.ActiveCfg = Release|Any CPU
		{581816AC-E3E8-4617-B089-4A6C204AC68D}.Release|Any CPU.Build.0 = Release|Any CPU
		{7439E0F2-5D80-4E99-8C0A-69C402AF156D}.Debug|Any CPU.ActiveCfg = Debug|Any CPU
		{7439E0F2-5D80-4E99-8C0A-69C402AF156D}.Debug|Any CPU.Build.0 = Debug|Any CPU
		{7439E0F2-5D80-4E99-8C0A-69C402AF156D}.Release|Any CPU.ActiveCfg = Release|Any CPU
		{7439E0F2-5D80-4E99-8C0A-69C402AF156D}.Release|Any CPU.Build.0 = Release|Any CPU
	EndGlobalSection
	GlobalSection(SolutionProperties) = preSolution
		HideSolutionNode = FALSE
	EndGlobalSection
	GlobalSection(ExtensibilityGlobals) = postSolution
		SolutionGuid = {49FB820D-052B-45F7-A1A7-35F4117355BF}
	EndGlobalSection
EndGlobal
